{
  "name": "rp-bug-triage",
  "version": "0.0.0",
  "lockfileVersion": 3,
  "requires": true,
  "packages": {
    "": {
      "name": "rp-bug-triage",
      "version": "0.0.0",
      "workspaces": [
        "packages/*"
      ]
    },
    "node_modules/calculator": {
      "resolved": "packages/calculator",
      "link": true
    },
    "packages/calculator": {
      "version": "1.0.0"
    }
  }
}
